dependencies:
- name: loki
  repository: https://grafana.github.io/helm-charts
  version: 6.55.0
- name: alloy
  repository: https://grafana.github.io/helm-charts
  version: 1.7.0
- name: kube-prometheus-stack
  repository: https://prometheus-community.github.io/helm-charts
  version: 68.5.0
digest: sha256:88471957a152ee59ef7ba5becc52de8cc0045c442a92763c815f28da7289e248
generated: "2026-04-16T14:39:02.170725-04:00"
